
Microsoft Visual Studio Solution File, Format Version 12.00
Project("{FAE04EC0-301F-11D3-BF4B-00C04F79EFBC}") = "RunningThreads", "RunningThreads.csproj", "{D10A137E-A0F3-4EC8-A819-1463097F5CE1}"
EndProject
Global
	GlobalSection(SolutionConfigurationPlatforms) = preSolution
		Debug|Any CPU = Debug|Any CPU
		Release|Any CPU = Release|Any CPU
	EndGlobalSection
	GlobalSection(ProjectConfigurationPlatforms) = postSolution
		{D10A137E-A0F3-4EC8-A819-1463097F5CE1}.Debug|Any CPU.ActiveCfg = Debug|Any CPU
		{D10A137E-A0F3-4EC8-A819-1463097F5CE1}.Debug|Any CPU.Build.0 = Debug|Any CPU
		{D10A137E-A0F3-4EC8-A819-1463097F5CE1}.Release|Any CPU.ActiveCfg = Release|Any CPU
		{D10A137E-A0F3-4EC8-A819-1463097F5CE1}.Release|Any CPU.Build.0 = Release|Any CPU
	EndGlobalSection
EndGlobal
